{
  "name": "ajs_01",
  "version": "1.0.0",
  "lockfileVersion": 3,
  "requires": true,
  "packages": {
    "": {
      "name": "ajs_01",
      "version": "1.0.0",
      "license": "ISC",
      "dependencies": {
        "@prekinii/ajs": "^1.0.0"
      }
    },
    "node_modules/@prekinii/ajs": {
      "version": "1.0.0",
      "resolved": "https://npm.pkg.github.com/download/@prekinii/ajs/1.0.0/787e8108281c44acbe7f39253489ab3a3399d28e",
      "integrity": "sha512-byC1r4DFfzQYcfQpEnUfodreDIyQLA764SBKGlk9HvkpXPN6pG3uUgNqSb83CG059Wc4Ht6lBmJ9214UOByZ2g=="
    }
  }
}
